
Microsoft Visual Studio Solution File, Format Version 12.00
# Visual Studio Version 16
VisualStudioVersion = 16.0.30717.126
MinimumVisualStudioVersion = 10.0.40219.1
Project("{FAE04EC0-301F-11D3-BF4B-00C04F79EFBC}") = "InterfacesAndPolymorphism", "InterfacesAndPolymorphism.csproj", "{A16E11B4-CF73-4355-ABEC-78354AF2BA12}"
EndProject
Global
	GlobalSection(SolutionConfigurationPlatforms) = preSolution
		Debug|Any CPU = Debug|Any CPU
		Release|Any CPU = Release|Any CPU
	EndGlobalSection
	GlobalSection(ProjectConfigurationPlatforms) = postSolution
		{A16E11B4-CF73-4355-ABEC-78354AF2BA12}.Debug|Any CPU.ActiveCfg = Debug|Any CPU
		{A16E11B4-CF73-4355-ABEC-78354AF2BA12}.Debug|Any CPU.Build.0 = Debug|Any CPU
		{A16E11B4-CF73-4355-ABEC-78354AF2BA12}.Release|Any CPU.ActiveCfg = Release|Any CPU
		{A16E11B4-CF73-4355-ABEC-78354AF2BA12}.Release|Any CPU.Build.0 = Release|Any CPU
	EndGlobalSection
	GlobalSection(SolutionProperties) = preSolution
		HideSolutionNode = FALSE
	EndGlobalSection
	GlobalSection(ExtensibilityGlobals) = postSolution
		SolutionGuid = {C3B99218-9F3F-4D4A-9F1C-6306498A35D8}
	EndGlobalSection
EndGlobal
