
Microsoft Visual Studio Solution File, Format Version 12.00
# Visual Studio Version 16
VisualStudioVersion = 16.0.30717.126
MinimumVisualStudioVersion = 10.0.40219.1
Project("{FAE04EC0-301F-11D3-BF4B-00C04F79EFBC}") = "Dynamic", "Dynamic.csproj", "{6E6B927F-33A9-4C8C-872A-93C89C9D244B}"
EndProject
Global
	GlobalSection(SolutionConfigurationPlatforms) = preSolution
		Debug|Any CPU = Debug|Any CPU
		Release|Any CPU = Release|Any CPU
	EndGlobalSection
	GlobalSection(ProjectConfigurationPlatforms) = postSolution
		{6E6B927F-33A9-4C8C-872A-93C89C9D244B}.Debug|Any CPU.ActiveCfg = Debug|Any CPU
		{6E6B927F-33A9-4C8C-872A-93C89C9D244B}.Debug|Any CPU.Build.0 = Debug|Any CPU
		{6E6B927F-33A9-4C8C-872A-93C89C9D244B}.Release|Any CPU.ActiveCfg = Release|Any CPU
		{6E6B927F-33A9-4C8C-872A-93C89C9D244B}.Release|Any CPU.Build.0 = Release|Any CPU
	EndGlobalSection
	GlobalSection(SolutionProperties) = preSolution
		HideSolutionNode = FALSE
	EndGlobalSection
	GlobalSection(ExtensibilityGlobals) = postSolution
		SolutionGuid = {F7A67C34-04E7-40DE-B517-6E48AE2F490C}
	EndGlobalSection
EndGlobal
