
Microsoft Visual Studio Solution File, Format Version 12.00
# Visual Studio Version 16
VisualStudioVersion = 16.0.30717.126
MinimumVisualStudioVersion = 10.0.40219.1
Project("{9A19103F-16F7-4668-BE54-9A1E7A4F7556}") = "Classes", "Classes.csproj", "{9741B1A1-C832-4207-B500-01F51D405DC7}"
EndProject
Project("{FAE04EC0-301F-11D3-BF4B-00C04F79EFBC}") = "Access_Modifiers", "Access_Modifiers\Access_Modifiers.csproj", "{41563583-E726-4625-B39B-A313E6D1A974}"
EndProject
Global
	GlobalSection(SolutionConfigurationPlatforms) = preSolution
		Debug|Any CPU = Debug|Any CPU
		Release|Any CPU = Release|Any CPU
	EndGlobalSection
	GlobalSection(ProjectConfigurationPlatforms) = postSolution
		{9741B1A1-C832-4207-B500-01F51D405DC7}.Debug|Any CPU.ActiveCfg = Debug|Any CPU
		{9741B1A1-C832-4207-B500-01F51D405DC7}.Debug|Any CPU.Build.0 = Debug|Any CPU
		{9741B1A1-C832-4207-B500-01F51D405DC7}.Release|Any CPU.ActiveCfg = Release|Any CPU
		{9741B1A1-C832-4207-B500-01F51D405DC7}.Release|Any CPU.Build.0 = Release|Any CPU
		{41563583-E726-4625-B39B-A313E6D1A974}.Debug|Any CPU.ActiveCfg = Debug|Any CPU
		{41563583-E726-4625-B39B-A313E6D1A974}.Debug|Any CPU.Build.0 = Debug|Any CPU
		{41563583-E726-4625-B39B-A313E6D1A974}.Release|Any CPU.ActiveCfg = Release|Any CPU
		{41563583-E726-4625-B39B-A313E6D1A974}.Release|Any CPU.Build.0 = Release|Any CPU
	EndGlobalSection
	GlobalSection(SolutionProperties) = preSolution
		HideSolutionNode = FALSE
	EndGlobalSection
	GlobalSection(ExtensibilityGlobals) = postSolution
		SolutionGuid = {F63560FC-AAB6-41D5-83E3-66BD3A020A7A}
	EndGlobalSection
EndGlobal
